
Microsoft Visual Studio Solution File, Format Version 12.00
# Visual Studio Version 17
VisualStudioVersion = 17.14.36623.8
MinimumVisualStudioVersion = 10.0.40219.1
Project("{FAE04EC0-301F-11D3-BF4B-00C04F79EFBC}") = "EmployeeManagement", "EmployeeManagement\EmployeeManagement.csproj", "{61C01C03-87D8-4FBD-954A-AACF24CC677B}"
EndProject
Project("{FAE04EC0-301F-11D3-BF4B-00C04F79EFBC}") = "EmployeeManagement.Tests", "EmployeeManagement.Tests\EmployeeManagement.Tests.csproj", "{4C67E631-F7B7-48A3-973B-4826959A1C8A}"
EndProject
Global
	GlobalSection(SolutionConfigurationPlatforms) = preSolution
		Debug|Any CPU = Debug|Any CPU
		Release|Any CPU = Release|Any CPU
	EndGlobalSection
	GlobalSection(ProjectConfigurationPlatforms) = postSolution
		{61C01C03-87D8-4FBD-954A-AACF24CC677B}.Debug|Any CPU.ActiveCfg = Debug|Any CPU
		{61C01C03-87D8-4FBD-954A-AACF24CC677B}.Debug|Any CPU.Build.0 = Debug|Any CPU
		{61C01C03-87D8-4FBD-954A-AACF24CC677B}.Release|Any CPU.ActiveCfg = Release|Any CPU
		{61C01C03-87D8-4FBD-954A-AACF24CC677B}.Release|Any CPU.Build.0 = Release|Any CPU
		{4C67E631-F7B7-48A3-973B-4826959A1C8A}.Debug|Any CPU.ActiveCfg = Debug|Any CPU
		{4C67E631-F7B7-48A3-973B-4826959A1C8A}.Debug|Any CPU.Build.0 = Debug|Any CPU
		{4C67E631-F7B7-48A3-973B-4826959A1C8A}.Release|Any CPU.ActiveCfg = Release|Any CPU
		{4C67E631-F7B7-48A3-973B-4826959A1C8A}.Release|Any CPU.Build.0 = Release|Any CPU
	EndGlobalSection
	GlobalSection(SolutionProperties) = preSolution
		HideSolutionNode = FALSE
	EndGlobalSection
	GlobalSection(ExtensibilityGlobals) = postSolution
		SolutionGuid = {630A2343-FE56-4C29-BE66-7EC680CC18EA}
	EndGlobalSection
EndGlobal
